
Microsoft Visual Studio Solution File, Format Version 12.00
# Visual Studio Version 17
VisualStudioVersion = 17.13.35931.197 d17.13
MinimumVisualStudioVersion = 10.0.40219.1
Project("{FAE04EC0-301F-11D3-BF4B-00C04F79EFBC}") = "RazorPagesCalculator", "RazorPagesCalculator.csproj", "{2CD6D3AF-8A4B-4BE7-A0C1-686EA8FED67A}"
EndProject
Global
	GlobalSection(SolutionConfigurationPlatforms) = preSolution
		Debug|Any CPU = Debug|Any CPU
		Release|Any CPU = Release|Any CPU
	EndGlobalSection
	GlobalSection(ProjectConfigurationPlatforms) = postSolution
		{2CD6D3AF-8A4B-4BE7-A0C1-686EA8FED67A}.Debug|Any CPU.ActiveCfg = Debug|Any CPU
		{2CD6D3AF-8A4B-4BE7-A0C1-686EA8FED67A}.Debug|Any CPU.Build.0 = Debug|Any CPU
		{2CD6D3AF-8A4B-4BE7-A0C1-686EA8FED67A}.Release|Any CPU.ActiveCfg = Release|Any CPU
		{2CD6D3AF-8A4B-4BE7-A0C1-686EA8FED67A}.Release|Any CPU.Build.0 = Release|Any CPU
	EndGlobalSection
	GlobalSection(SolutionProperties) = preSolution
		HideSolutionNode = FALSE
	EndGlobalSection
	GlobalSection(ExtensibilityGlobals) = postSolution
		SolutionGuid = {7DE372FC-2726-4823-9838-92EE3A966D60}
	EndGlobalSection
EndGlobal
